
Microsoft Visual Studio Solution File, Format Version 12.00
# Visual Studio 15
VisualStudioVersion = 15.0.28307.1525
MinimumVisualStudioVersion = 10.0.40219.1
Project("{FAE04EC0-301F-11D3-BF4B-00C04F79EFBC}") = "ListChallenge", "ListChallenge\ListChallenge.csproj", "{538FEECC-E464-42C3-B704-06F9A190D837}"
EndProject
Global
	GlobalSection(SolutionConfigurationPlatforms) = preSolution
		Debug|Any CPU = Debug|Any CPU
		Release|Any CPU = Release|Any CPU
	EndGlobalSection
	GlobalSection(ProjectConfigurationPlatforms) = postSolution
		{538FEECC-E464-42C3-B704-06F9A190D837}.Debug|Any CPU.ActiveCfg = Debug|Any CPU
		{538FEECC-E464-42C3-B704-06F9A190D837}.Debug|Any CPU.Build.0 = Debug|Any CPU
		{538FEECC-E464-42C3-B704-06F9A190D837}.Release|Any CPU.ActiveCfg = Release|Any CPU
		{538FEECC-E464-42C3-B704-06F9A190D837}.Release|Any CPU.Build.0 = Release|Any CPU
	EndGlobalSection
	GlobalSection(SolutionProperties) = preSolution
		HideSolutionNode = FALSE
	EndGlobalSection
	GlobalSection(ExtensibilityGlobals) = postSolution
		SolutionGuid = {381B0F01-B7B7-4195-9301-0DE9D69635BB}
	EndGlobalSection
EndGlobal
